
Microsoft Visual Studio Solution File, Format Version 12.00
# Visual Studio 15
VisualStudioVersion = 15.0.27703.2035
MinimumVisualStudioVersion = 10.0.40219.1
Project("{FAE04EC0-301F-11D3-BF4B-00C04F79EFBC}") = "Specs", "UnitTestProject1\Specs.csproj", "{0857904F-AA47-45DE-B753-D405B26EDB6F}"
EndProject
Project("{FAE04EC0-301F-11D3-BF4B-00C04F79EFBC}") = "Example2", "Example2\Example2.csproj", "{8AC5FAA4-E2DE-4A89-8729-B36022708250}"
EndProject
Global
	GlobalSection(SolutionConfigurationPlatforms) = preSolution
		Debug|Any CPU = Debug|Any CPU
		Release|Any CPU = Release|Any CPU
	EndGlobalSection
	GlobalSection(ProjectConfigurationPlatforms) = postSolution
		{0857904F-AA47-45DE-B753-D405B26EDB6F}.Debug|Any CPU.ActiveCfg = Debug|Any CPU
		{0857904F-AA47-45DE-B753-D405B26EDB6F}.Debug|Any CPU.Build.0 = Debug|Any CPU
		{0857904F-AA47-45DE-B753-D405B26EDB6F}.Release|Any CPU.ActiveCfg = Release|Any CPU
		{0857904F-AA47-45DE-B753-D405B26EDB6F}.Release|Any CPU.Build.0 = Release|Any CPU
		{8AC5FAA4-E2DE-4A89-8729-B36022708250}.Debug|Any CPU.ActiveCfg = Debug|Any CPU
		{8AC5FAA4-E2DE-4A89-8729-B36022708250}.Debug|Any CPU.Build.0 = Debug|Any CPU
		{8AC5FAA4-E2DE-4A89-8729-B36022708250}.Release|Any CPU.ActiveCfg = Release|Any CPU
		{8AC5FAA4-E2DE-4A89-8729-B36022708250}.Release|Any CPU.Build.0 = Release|Any CPU
	EndGlobalSection
	GlobalSection(SolutionProperties) = preSolution
		HideSolutionNode = FALSE
	EndGlobalSection
	GlobalSection(ExtensibilityGlobals) = postSolution
		SolutionGuid = {1AA8607E-CA13-47FA-B863-2D7CD2E4BB7A}
	EndGlobalSection
EndGlobal
